
Microsoft Visual Studio Solution File, Format Version 12.00
# Visual Studio Version 17
VisualStudioVersion = 17.2.32630.192
MinimumVisualStudioVersion = 10.0.40219.1
Project("{9A19103F-16F7-4668-BE54-9A1E7A4F7556}") = "PlatformService", "PlatformService.csproj", "{74885BBE-2FF7-4740-BE09-7E65D6F0E152}"
EndProject
Global
	GlobalSection(SolutionConfigurationPlatforms) = preSolution
		Debug|Any CPU = Debug|Any CPU
		Release|Any CPU = Release|Any CPU
	EndGlobalSection
	GlobalSection(ProjectConfigurationPlatforms) = postSolution
		{74885BBE-2FF7-4740-BE09-7E65D6F0E152}.Debug|Any CPU.ActiveCfg = Debug|Any CPU
		{74885BBE-2FF7-4740-BE09-7E65D6F0E152}.Debug|Any CPU.Build.0 = Debug|Any CPU
		{74885BBE-2FF7-4740-BE09-7E65D6F0E152}.Release|Any CPU.ActiveCfg = Release|Any CPU
		{74885BBE-2FF7-4740-BE09-7E65D6F0E152}.Release|Any CPU.Build.0 = Release|Any CPU
	EndGlobalSection
	GlobalSection(SolutionProperties) = preSolution
		HideSolutionNode = FALSE
	EndGlobalSection
	GlobalSection(ExtensibilityGlobals) = postSolution
		SolutionGuid = {5EA298AB-83FE-4D72-9057-98E65747809D}
	EndGlobalSection
EndGlobal
